
Microsoft Visual Studio Solution File, Format Version 12.00
# Visual Studio Version 17
VisualStudioVersion = 17.7.34031.279
MinimumVisualStudioVersion = 10.0.40219.1
Project("{FAE04EC0-301F-11D3-BF4B-00C04F79EFBC}") = "RF286PDay3_B_Practice_Problem", "Day_3B_Practice_Problem\RF286PDay3_B_Practice_Problem.csproj", "{8F1A8FE0-06C1-4339-B772-8C41CDCA76A7}"
EndProject
Global
	GlobalSection(SolutionConfigurationPlatforms) = preSolution
		Debug|Any CPU = Debug|Any CPU
		Release|Any CPU = Release|Any CPU
	EndGlobalSection
	GlobalSection(ProjectConfigurationPlatforms) = postSolution
		{8F1A8FE0-06C1-4339-B772-8C41CDCA76A7}.Debug|Any CPU.ActiveCfg = Debug|Any CPU
		{8F1A8FE0-06C1-4339-B772-8C41CDCA76A7}.Debug|Any CPU.Build.0 = Debug|Any CPU
		{8F1A8FE0-06C1-4339-B772-8C41CDCA76A7}.Release|Any CPU.ActiveCfg = Release|Any CPU
		{8F1A8FE0-06C1-4339-B772-8C41CDCA76A7}.Release|Any CPU.Build.0 = Release|Any CPU
	EndGlobalSection
	GlobalSection(SolutionProperties) = preSolution
		HideSolutionNode = FALSE
	EndGlobalSection
	GlobalSection(ExtensibilityGlobals) = postSolution
		SolutionGuid = {720C66D2-68FF-4DBE-9474-94DCE9C3E062}
	EndGlobalSection
EndGlobal
